<?xml version="1.0" encoding="utf-8"?>
<Project ToolsVersion="4.0" xmlns="http://schemas.microsoft.com/developer/msbuild/2003">
  <ItemGroup>
    <Filter Include="소스 파일">
      <UniqueIdentifier>{4FC737F1-C7A5-4376-A066-2A32D752A2FF}</UniqueIdentifier>
      <Extensions>cpp;c;cc;cxx;def;odl;idl;hpj;bat;asm;asmx</Extensions>
    </Filter>
    <Filter Include="헤더 파일">
      <UniqueIdentifier>{93995380-89BD-4b04-88EB-625FBE52EBFB}</UniqueIdentifier>
      <Extensions>h;hpp;hxx;hm;inl;inc;xsd</Extensions>
    </Filter>
    <Filter Include="리소스 파일">
      <UniqueIdentifier>{67DA6AB6-F800-4c08-8B7A-83BB121AAD01}</UniqueIdentifier>
      <Extensions>rc;ico;cur;bmp;dlg;rc2;rct;bin;rgs;gif;jpg;jpeg;jpe;resx;tiff;tif;png;wav;mfcribbon-ms</Extensions>
    </Filter>
    <Filter Include="TODO">
      <UniqueIdentifier>{13177cb0-8bc3-4abf-a700-559eb6fccf1a}</UniqueIdentifier>
    </Filter>
  </ItemGroup>
  <ItemGroup>
    <ClCompile Include="main.cpp">
      <Filter>소스 파일</Filter>
    </ClCompile>
    <ClCompile Include="stdafx.cpp">
      <Filter>소스 파일</Filter>
    </ClCompile>
    <ClCompile Include="BSFMApp.cpp">
      <Filter>소스 파일</Filter>
    </ClCompile>
    <ClCompile Include="MainWnd.cpp">
      <Filter>소스 파일</Filter>
    </ClCompile>
    <ClCompile Include="CommandLineParser.cpp">
      <Filter>소스 파일</Filter>
    </ClCompile>
    <ClCompile Include="Layout.cpp">
      <Filter>소스 파일</Filter>
    </ClCompile>
    <ClCompile Include="ShellExplorerControl.cpp">
      <Filter>소스 파일</Filter>
    </ClCompile>
    <ClCompile Include="SplitView.cpp">
      <Filter>소스 파일</Filter>
    </ClCompile>
    <ClCompile Include="ShortcutBar.cpp">
      <Filter>소스 파일</Filter>
    </ClCompile>
    <ClCompile Include="Settings.cpp">
      <Filter>소스 파일</Filter>
    </ClCompile>
    <ClCompile Include="ExplorerView.cpp">
      <Filter>소스 파일</Filter>
    </ClCompile>
    <ClCompile Include="AddressBar.cpp">
      <Filter>소스 파일</Filter>
    </ClCompile>
    <ClCompile Include="BookmarkManagerDlg.cpp">
      <Filter>소스 파일</Filter>
    </ClCompile>
    <ClCompile Include="AddBookmarkDlg.cpp">
      <Filter>소스 파일</Filter>
    </ClCompile>
    <ClCompile Include="FindFileDlg.cpp">
      <Filter>소스 파일</Filter>
    </ClCompile>
  </ItemGroup>
  <ItemGroup>
    <ClInclude Include="stdafx.h">
      <Filter>헤더 파일</Filter>
    </ClInclude>
    <ClInclude Include="BSFMApp.h">
      <Filter>헤더 파일</Filter>
    </ClInclude>
    <ClInclude Include="MainWnd.h">
      <Filter>헤더 파일</Filter>
    </ClInclude>
    <ClInclude Include="CommandLineParser.h">
      <Filter>헤더 파일</Filter>
    </ClInclude>
    <ClInclude Include="INIFile.h">
      <Filter>헤더 파일</Filter>
    </ClInclude>
    <ClInclude Include="Layout.h">
      <Filter>헤더 파일</Filter>
    </ClInclude>
    <ClInclude Include="NonCopyable.h">
      <Filter>헤더 파일</Filter>
    </ClInclude>
    <ClInclude Include="ShellExplorerControl.h">
      <Filter>헤더 파일</Filter>
    </ClInclude>
    <ClInclude Include="SplitView.h">
      <Filter>헤더 파일</Filter>
    </ClInclude>
    <ClInclude Include="ShortcutBar.h">
      <Filter>헤더 파일</Filter>
    </ClInclude>
    <ClInclude Include="Settings.h">
      <Filter>헤더 파일</Filter>
    </ClInclude>
    <ClInclude Include="ExplorerView.h">
      <Filter>헤더 파일</Filter>
    </ClInclude>
    <ClInclude Include="AddressBar.h">
      <Filter>헤더 파일</Filter>
    </ClInclude>
    <ClInclude Include="BookmarkManagerDlg.h">
      <Filter>헤더 파일</Filter>
    </ClInclude>
    <ClInclude Include="AddBookmarkDlg.h">
      <Filter>헤더 파일</Filter>
    </ClInclude>
    <ClInclude Include="resource.h">
      <Filter>리소스 파일</Filter>
    </ClInclude>
    <ClInclude Include="FindFileDlg.h">
      <Filter>헤더 파일</Filter>
    </ClInclude>
    <ClInclude Include="Lock.h">
      <Filter>헤더 파일</Filter>
    </ClInclude>
  </ItemGroup>
  <ItemGroup>
    <Image Include="DialogGroup_5846.ico">
      <Filter>리소스 파일</Filter>
    </Image>
    <Image Include="ExtendedStoredProcedure_8284.ico">
      <Filter>리소스 파일</Filter>
    </Image>
    <Image Include="Home_5699_24.ico">
      <Filter>리소스 파일</Filter>
    </Image>
    <Image Include="NavigateBackwards_6270.ico">
      <Filter>리소스 파일</Filter>
    </Image>
    <Image Include="NavigateForward_6271.ico">
      <Filter>리소스 파일</Filter>
    </Image>
    <Image Include="NewSolutionFolder_6289.ico">
      <Filter>리소스 파일</Filter>
    </Image>
    <Image Include="OneLevelUp_5834.ico">
      <Filter>리소스 파일</Filter>
    </Image>
    <Image Include="Open_6296.ico">
      <Filter>리소스 파일</Filter>
    </Image>
  </ItemGroup>
  <ItemGroup>
    <ResourceCompile Include="BSFileManager.rc">
      <Filter>리소스 파일</Filter>
    </ResourceCompile>
  </ItemGroup>
  <ItemGroup>
    <Text Include="TODO.txt">
      <Filter>TODO</Filter>
    </Text>
  </ItemGroup>
</Project>